// !$*UTF8*$!
{
	archiveVersion = 1;
	classes = {
	};
	objectVersion = 50;
	objects = {

/* Begin PBXBuildFile section */
		D417BC5723717F1C00A6147C /* AppDelegate.swift in Sources */ = {isa = PBXBuildFile; fileRef = D417BC5623717F1C00A6147C /* AppDelegate.swift */; };
		D417BC5923717F1C00A6147C /* SceneDelegate.swift in Sources */ = {isa = PBXBuildFile; fileRef = D417BC5823717F1C00A6147C /* SceneDelegate.swift */; };
		D417BC5B23717F1C00A6147C /* ContentView.swift in Sources */ = {isa = PBXBuildFile; fileRef = D417BC5A23717F1C00A6147C /* ContentView.swift */; };
		D417BC5D23717F1F00A6147C /* Assets.xcassets in Resources */ = {isa = PBXBuildFile; fileRef = D417BC5C23717F1F00A6147C /* Assets.xcassets */; };
		D417BC6023717F1F00A6147C /* Preview Assets.xcassets in Resources */ = {isa = PBXBuildFile; fileRef = D417BC5F23717F1F00A6147C /* Preview Assets.xcassets */; };
		D417BC6323717F1F00A6147C /* LaunchScreen.storyboard in Resources */ = {isa = PBXBuildFile; fileRef = D417BC6123717F1F00A6147C /* LaunchScreen.storyboard */; };
/* End PBXBuildFile section */

/* Begin PBXFileReference section */
		D417BC5323717F1C00A6147C /* compranet-frontend.app */ = {isa = PBXFileReference; explicitFileType = wrapper.application; includeInIndex = 0; path = "compranet-frontend.app"; sourceTree = BUILT_PRODUCTS_DIR; };
		D417BC5623717F1C00A6147C /* AppDelegate.swift */ = {isa = PBXFileReference; lastKnownFileType = sourcecode.swift; path = AppDelegate.swift; sourceTree = "<group>"; };
		D417BC5823717F1C00A6147C /* SceneDelegate.swift */ = {isa = PBXFileReference; lastKnownFileType = sourcecode.swift; path = SceneDelegate.swift; sourceTree = "<group>"; };
		D417BC5A23717F1C00A6147C /* ContentView.swift */ = {isa = PBXFileReference; lastKnownFileType = sourcecode.swift; path = ContentView.swift; sourceTree = "<group>"; };
		D417BC5C23717F1F00A6147C /* Assets.xcassets */ = {isa = PBXFileReference; lastKnownFileType = folder.assetcatalog; path = Assets.xcassets; sourceTree = "<group>"; };
		D417BC5F23717F1F00A6147C /* Preview Assets.xcassets */ = {isa = PBXFileReference; lastKnownFileType = folder.assetcatalog; path = "Preview Assets.xcassets"; sourceTree = "<group>"; };
		D417BC6223717F1F00A6147C /* Base */ = {isa = PBXFileReference; lastKnownFileType = file.storyboard; name = Base; path = Base.lproj/LaunchScreen.storyboard; sourceTree = "<group>"; };
		D417BC6423717F1F00A6147C /* Info.plist */ = {isa = PBXFileReference; lastKnownFileType = text.plist.xml; path = Info.plist; sourceTree = "<group>"; };
/* End PBXFileReference section */

/* Begin PBXFrameworksBuildPhase section */
		D417BC5023717F1C00A6147C /* Frameworks */ = {
			isa = PBXFrameworksBuildPhase;
			buildActionMask = 2147483647;
			files = (
			);
			runOnlyForDeploymentPostprocessing = 0;
		};
/* End PBXFrameworksBuildPhase section */

/* Begin PBXGroup section */
		D417BC4A23717F1C00A6147C = {
			isa = PBXGroup;
			children = (
				D417BC5523717F1C00A6147C /* compranet-frontend */,
				D417BC5423717F1C00A6147C /* Products */,
			);
			sourceTree = "<group>";
		};
		D417BC5423717F1C00A6147C /* Products */ = {
			isa = PBXGroup;
			children = (
				D417BC5323717F1C00A6147C /* compranet-frontend.app */,
			);
			name = Products;
			sourceTree = "<group>";
		};
		D417BC5523717F1C00A6147C /* compranet-frontend */ = {
			isa = PBXGroup;
			children = (
				D417BC5623717F1C00A6147C /* AppDelegate.swift */,
				D417BC5823717F1C00A6147C /* SceneDelegate.swift */,
				D417BC5A23717F1C00A6147C /* ContentView.swift */,
				D417BC5C23717F1F00A6147C /* Assets.xcassets */,
				D417BC6123717F1F00A6147C /* LaunchScreen.storyboard */,
				D417BC6423717F1F00A6147C /* Info.plist */,
				D417BC5E23717F1F00A6147C /* Preview Content */,
			);
			path = "compranet-frontend";
			sourceTree = "<group>";
		};
		D417BC5E23717F1F00A6147C /* Preview Content */ = {
			isa = PBXGroup;
			children = (
				D417BC5F23717F1F00A6147C /* Preview Assets.xcassets */,
			);
			path = "Preview Content";
			sourceTree = "<group>";
		};
/* End PBXGroup section */

/* Begin PBXNativeTarget section */
		D417BC5223717F1C00A6147C /* compranet-frontend */ = {
			isa = PBXNativeTarget;
			buildConfigurationList = D417BC6723717F1F00A6147C /* Build configuration list for PBXNativeTarget "compranet-frontend" */;
			buildPhases = (
				D417BC4F23717F1C00A6147C /* Sources */,
				D417BC5023717F1C00A6147C /* Frameworks */,
				D417BC5123717F1C00A6147C /* Resources */,
			);
			buildRules = (
			);
			dependencies = (
			);
			name = "compranet-frontend";
			productName = "compranet-frontend";
			productReference = D417BC5323717F1C00A6147C /* compranet-frontend.app */;
			productType = "com.apple.product-type.application";
		};
/* End PBXNativeTarget section */

/* Begin PBXProject section */
		D417BC4B23717F1C00A6147C /* Project object */ = {
			isa = PBXProject;
			attributes = {
				LastSwiftUpdateCheck = 1120;
				LastUpgradeCheck = 1120;
				ORGANIZATIONNAME = "Thomas Wingsted";
				TargetAttributes = {
					D417BC5223717F1C00A6147C = {
						CreatedOnToolsVersion = 11.2;
					};
				};
			};
			buildConfigurationList = D417BC4E23717F1C00A6147C /* Build configuration list for PBXProject "compranet-frontend" */;
			compatibilityVersion = "Xcode 9.3";
			developmentRegion = en;
			hasScannedForEncodings = 0;
			knownRegions = (
				en,
				Base,
			);
			mainGroup = D417BC4A23717F1C00A6147C;
			productRefGroup = D417BC5423717F1C00A6147C /* Products */;
			projectDirPath = "";
			projectRoot = "";
			targets = (
				D417BC5223717F1C00A6147C /* compranet-frontend */,
			);
		};
/* End PBXProject section */

/* Begin PBXResourcesBuildPhase section */
		D417BC5123717F1C00A6147C /* Resources */ = {
			isa = PBXResourcesBuildPhase;
			buildActionMask = 2147483647;
			files = (
				D417BC6323717F1F00A6147C /* LaunchScreen.storyboard in Resources */,
				D417BC6023717F1F00A6147C /* Preview Assets.xcassets in Resources */,
				D417BC5D23717F1F00A6147C /* Assets.xcassets in Resources */,
			);
			runOnlyForDeploymentPostprocessing = 0;
		};
/* End PBXResourcesBuildPhase section */

/* Begin PBXSourcesBuildPhase section */
		D417BC4F23717F1C00A6147C /* Sources */ = {
			isa = PBXSourcesBuildPhase;
			buildActionMask = 2147483647;
			files = (
				D417BC5723717F1C00A6147C /* AppDelegate.swift in Sources */,
				D417BC5923717F1C00A6147C /* SceneDelegate.swift in Sources */,
				D417BC5B23717F1C00A6147C /* ContentView.swift in Sources */,
			);
			runOnlyForDeploymentPostprocessing = 0;
		};
/* End PBXSourcesBuildPhase section */

/* Begin PBXVariantGroup section */
		D417BC6123717F1F00A6147C /* LaunchScreen.storyboard */ = {
			isa = PBXVariantGroup;
			children = (
				D417BC6223717F1F00A6147C /* Base */,
			);
			name = LaunchScreen.storyboard;
			sourceTree = "<group>";
		};
/* End PBXVariantGroup section */

/* Begin XCBuildConfiguration section */
		D417BC6523717F1F00A6147C /* Debug */ = {
			isa = XCBuildConfiguration;
			buildSettings = {
				ALWAYS_SEARCH_USER_PATHS = NO;
				CLANG_ANALYZER_NONNULL = YES;
				CLANG_ANALYZER_NUMBER_OBJECT_CONVERSION = YES_AGGRESSIVE;
				CLANG_CXX_LANGUAGE_STANDARD = "gnu++14";
				CLANG_CXX_LIBRARY = "libc++";
				CLANG_ENABLE_MODULES = YES;
				CLANG_ENABLE_OBJC_ARC = YES;
				CLANG_ENABLE_OBJC_WEAK = YES;
				CLANG_WARN_BLOCK_CAPTURE_AUTORELEASING = YES;
				CLANG_WARN_BOOL_CONVERSION = YES;
				CLANG_WARN_COMMA = YES;
				CLANG_WARN_CONSTANT_CONVERSION = YES;
				CLANG_WARN_DEPRECATED_OBJC_IMPLEMENTATIONS = YES;
				CLANG_WARN_DIRECT_OBJC_ISA_USAGE = YES_ERROR;
				CLANG_WARN_DOCUMENTATION_COMMENTS = YES;
				CLANG_WARN_EMPTY_BODY = YES;
				CLANG_WARN_ENUM_CONVERSION = YES;
				CLANG_WARN_INFINITE_RECURSION = YES;
				CLANG_WARN_INT_CONVERSION = YES;
				CLANG_WARN_NON_LITERAL_NULL_CONVERSION = YES;
				CLANG_WARN_OBJC_IMPLICIT_RETAIN_SELF = YES;
				CLANG_WARN_OBJC_LITERAL_CONVERSION = YES;
				CLANG_WARN_OBJC_ROOT_CLASS = YES_ERROR;
				CLANG_WARN_RANGE_LOOP_ANALYSIS = YES;
				CLANG_WARN_STRICT_PROTOTYPES = YES;
				CLANG_WARN_SUSPICIOUS_MOVE = YES;
				CLANG_WARN_UNGUARDED_AVAILABILITY = YES_AGGRESSIVE;
				CLANG_WARN_UNREACHABLE_CODE = YES;
				CLANG_WARN__DUPLICATE_METHOD_MATCH = YES;
				COPY_PHASE_STRIP = NO;
				DEBUG_INFORMATION_FORMAT = dwarf;
				ENABLE_STRICT_OBJC_MSGSEND = YES;
				ENABLE_TESTABILITY = YES;
				GCC_C_LANGUAGE_STANDARD = gnu11;
				GCC_DYNAMIC_NO_PIC = NO;
				GCC_NO_COMMON_BLOCKS = YES;
				GCC_OPTIMIZATION_LEVEL = 0;
				GCC_PREPROCESSOR_DEFINITIONS = (
					"DEBUG=1",
					"$(inherited)",
				);
				GCC_WARN_64_TO_32_BIT_CONVERSION = YES;
				GCC_WARN_ABOUT_RETURN_TYPE = YES_ERROR;
				GCC_WARN_UNDECLARED_SELECTOR = YES;
				GCC_WARN_UNINITIALIZED_AUTOS = YES_AGGRESSIVE;
				GCC_WARN_UNUSED_FUNCTION = YES;
				GCC_WARN_UNUSED_VARIABLE = YES;
				IPHONEOS_DEPLOYMENT_TARGET = 13.2;
				MTL_ENABLE_DEBUG_INFO = INCLUDE_SOURCE;
				MTL_FAST_MATH = YES;
				ONLY_ACTIVE_ARCH = YES;
				SDKROOT = iphoneos;
				SWIFT_ACTIVE_COMPILATION_CONDITIONS = DEBUG;
				SWIFT_OPTIMIZATION_LEVEL = "-Onone";
			};
			name = Debug;
		};
		D417BC6623717F1F00A6147C /* Release */ = {
			isa = XCBuildConfiguration;
			buildSettings = {
				ALWAYS_SEARCH_USER_PATHS = NO;
				CLANG_ANALYZER_NONNULL = YES;
				CLANG_ANALYZER_NUMBER_OBJECT_CONVERSION = YES_AGGRESSIVE;
				CLANG_CXX_LANGUAGE_STANDARD = "gnu++14";
				CLANG_CXX_LIBRARY = "libc++";
				CLANG_ENABLE_MODULES = YES;
				CLANG_ENABLE_OBJC_ARC = YES;
				CLANG_ENABLE_OBJC_WEAK = YES;
				CLANG_WARN_BLOCK_CAPTURE_AUTORELEASING = YES;
				CLANG_WARN_BOOL_CONVERSION = YES;
				CLANG_WARN_COMMA = YES;
				CLANG_WARN_CONSTANT_CONVERSION = YES;
				CLANG_WARN_DEPRECATED_OBJC_IMPLEMENTATIONS = YES;
				CLANG_WARN_DIRECT_OBJC_ISA_USAGE = YES_ERROR;
				CLANG_WARN_DOCUMENTATION_COMMENTS = YES;
				CLANG_WARN_EMPTY_BODY = YES;
				CLANG_WARN_ENUM_CONVERSION = YES;
				CLANG_WARN_INFINITE_RECURSION = YES;
				CLANG_WARN_INT_CONVERSION = YES;
				CLANG_WARN_NON_LITERAL_NULL_CONVERSION = YES;
				CLANG_WARN_OBJC_IMPLICIT_RETAIN_SELF = YES;
				CLANG_WARN_OBJC_LITERAL_CONVERSION = YES;
				CLANG_WARN_OBJC_ROOT_CLASS = YES_ERROR;
				CLANG_WARN_RANGE_LOOP_ANALYSIS = YES;
				CLANG_WARN_STRICT_PROTOTYPES = YES;
				CLANG_WARN_SUSPICIOUS_MOVE = YES;
				CLANG_WARN_UNGUARDED_AVAILABILITY = YES_AGGRESSIVE;
				CLANG_WARN_UNREACHABLE_CODE = YES;
				CLANG_WARN__DUPLICATE_METHOD_MATCH = YES;
				COPY_PHASE_STRIP = NO;
				DEBUG_INFORMATION_FORMAT = "dwarf-with-dsym";
				ENABLE_NS_ASSERTIONS = NO;
				ENABLE_STRICT_OBJC_MSGSEND = YES;
				GCC_C_LANGUAGE_STANDARD = gnu11;
				GCC_NO_COMMON_BLOCKS = YES;
				GCC_WARN_64_TO_32_BIT_CONVERSION = YES;
				GCC_WARN_ABOUT_RETURN_TYPE = YES_ERROR;
				GCC_WARN_UNDECLARED_SELECTOR = YES;
				GCC_WARN_UNINITIALIZED_AUTOS = YES_AGGRESSIVE;
				GCC_WARN_UNUSED_FUNCTION = YES;
				GCC_WARN_UNUSED_VARIABLE = YES;
				IPHONEOS_DEPLOYMENT_TARGET = 13.2;
				MTL_ENABLE_DEBUG_INFO = NO;
				MTL_FAST_MATH = YES;
				SDKROOT = iphoneos;
				SWIFT_COMPILATION_MODE = wholemodule;
				SWIFT_OPTIMIZATION_LEVEL = "-O";
				VALIDATE_PRODUCT = YES;
			};
			name = Release;
		};
		D417BC6823717F1F00A6147C /* Debug */ = {
			isa = XCBuildConfiguration;
			buildSettings = {
				ASSETCATALOG_COMPILER_APPICON_NAME = AppIcon;
				CODE_SIGN_STYLE = Automatic;
				DEVELOPMENT_ASSET_PATHS = "\"compranet-frontend/Preview Content\"";
				DEVELOPMENT_TEAM = D63Y5MTMZY;
				ENABLE_PREVIEWS = YES;
				INFOPLIST_FILE = "compranet-frontend/Info.plist";
				LD_RUNPATH_SEARCH_PATHS = (
					"$(inherited)",
					"@executable_path/Frameworks",
				);
				PRODUCT_BUNDLE_IDENTIFIER = "dk.tw.compranet-frontend";
				PRODUCT_NAME = "$(TARGET_NAME)";
				SWIFT_VERSION = 5.0;
				TARGETED_DEVICE_FAMILY = "1,2";
			};
			name = Debug;
		};
		D417BC6923717F1F00A6147C /* Release */ = {
			isa = XCBuildConfiguration;
			buildSettings = {
				ASSETCATALOG_COMPILER_APPICON_NAME = AppIcon;
				CODE_SIGN_STYLE = Automatic;
				DEVELOPMENT_ASSET_PATHS = "\"compranet-frontend/Preview Content\"";
				DEVELOPMENT_TEAM = D63Y5MTMZY;
				ENABLE_PREVIEWS = YES;
				INFOPLIST_FILE = "compranet-frontend/Info.plist";
				LD_RUNPATH_SEARCH_PATHS = (
					"$(inherited)",
					"@executable_path/Frameworks",
				);
				PRODUCT_BUNDLE_IDENTIFIER = "dk.tw.compranet-frontend";
				PRODUCT_NAME = "$(TARGET_NAME)";
				SWIFT_VERSION = 5.0;
				TARGETED_DEVICE_FAMILY = "1,2";
			};
			name = Release;
		};
/* End XCBuildConfiguration section */

/* Begin XCConfigurationList section */
		D417BC4E23717F1C00A6147C /* Build configuration list for PBXProject "compranet-frontend" */ = {
			isa = XCConfigurationList;
			buildConfigurations = (
				D417BC6523717F1F00A6147C /* Debug */,
				D417BC6623717F1F00A6147C /* Release */,
			);
			defaultConfigurationIsVisible = 0;
			defaultConfigurationName = Release;
		};
		D417BC6723717F1F00A6147C /* Build configuration list for PBXNativeTarget "compranet-frontend" */ = {
			isa = XCConfigurationList;
			buildConfigurations = (
				D417BC6823717F1F00A6147C /* Debug */,
				D417BC6923717F1F00A6147C /* Release */,
			);
			defaultConfigurationIsVisible = 0;
			defaultConfigurationName = Release;
		};
/* End XCConfigurationList section */
	};
	rootObject = D417BC4B23717F1C00A6147C /* Project object */;
}
